<Solution>
  <Project Path="01-Namnlistan/01-Namnlistan.csproj" />
  <Project Path="02-Inköpslista/02-Inköpslista.csproj" Id="fdb91c05-1c4b-4645-b3cb-4560c9496302" />
  <Project Path="03-Gästlistan/03-Gästlistan.csproj" Id="d8ed2ebc-9fd4-42ef-8c02-5e68db7b8791" />
  <Project Path="04-Temperaturer/04-Temperaturer.csproj" Id="511e9145-22bc-4821-ad77-1c3a9c4d335b" />
  <Project Path="05-Baklänges/05-Baklänges.csproj" Id="69ce8f17-81fa-42f7-a09a-754694fdf41d" />
  <Project Path="06-DynamiskInköpslista/06-DynamiskInköpslista.csproj" Id="1681adfd-ea52-4d98-8835-dd9f432a9b82" />
  <Project Path="07-Sök/07-Sök.csproj" Id="8b015a48-df1e-48ad-8ef9-cad7650d888f" />
  <Project Path="08-Betygskollen/08-Betygskollen.csproj" Id="7ed9953c-c415-488d-abf0-4d350bcb6596" />
</Solution>
